<Solution>
  <Folder Name="/src/">
    <Project Path="src/Flx.Compiler/Flx.Compiler.csproj" />
    <Project Path="src/Flx.LanguageServices/Flx.LanguageServices.csproj" />
  </Folder>
  <Folder Name="/tools/">
    <Project Path="tools/Flx.LanguageServices.Smoke/Flx.LanguageServices.Smoke.csproj" />
  </Folder>
</Solution>
